
Microsoft Visual Studio Solution File, Format Version 12.00
# Visual Studio Version 16
VisualStudioVersion = 16.0.30523.141
MinimumVisualStudioVersion = 10.0.40219.1
Project("{FAE04EC0-301F-11D3-BF4B-00C04F79EFBC}") = "LightsOut", "LightsOut\LightsOut.csproj", "{E101875A-BFAF-439B-8336-C24C3ADAB824}"
EndProject
Project("{FAE04EC0-301F-11D3-BF4B-00C04F79EFBC}") = "LightsOutTests", "LightsOutTests\LightsOutTests.csproj", "{17254BD3-5807-4577-B824-782D9BCB9CC1}"
EndProject
Global
	GlobalSection(SolutionConfigurationPlatforms) = preSolution
		Debug|Any CPU = Debug|Any CPU
		Release|Any CPU = Release|Any CPU
	EndGlobalSection
	GlobalSection(ProjectConfigurationPlatforms) = postSolution
		{E101875A-BFAF-439B-8336-C24C3ADAB824}.Debug|Any CPU.ActiveCfg = Debug|Any CPU
		{E101875A-BFAF-439B-8336-C24C3ADAB824}.Debug|Any CPU.Build.0 = Debug|Any CPU
		{E101875A-BFAF-439B-8336-C24C3ADAB824}.Release|Any CPU.ActiveCfg = Release|Any CPU
		{E101875A-BFAF-439B-8336-C24C3ADAB824}.Release|Any CPU.Build.0 = Release|Any CPU
		{17254BD3-5807-4577-B824-782D9BCB9CC1}.Debug|Any CPU.ActiveCfg = Debug|Any CPU
		{17254BD3-5807-4577-B824-782D9BCB9CC1}.Debug|Any CPU.Build.0 = Debug|Any CPU
		{17254BD3-5807-4577-B824-782D9BCB9CC1}.Release|Any CPU.ActiveCfg = Release|Any CPU
		{17254BD3-5807-4577-B824-782D9BCB9CC1}.Release|Any CPU.Build.0 = Release|Any CPU
	EndGlobalSection
	GlobalSection(SolutionProperties) = preSolution
		HideSolutionNode = FALSE
	EndGlobalSection
	GlobalSection(ExtensibilityGlobals) = postSolution
		SolutionGuid = {7DD014B4-18B2-4D9B-AD4C-989528E7C76B}
	EndGlobalSection
EndGlobal
